{
  "name": "opennosh",
  "version": "0.76.0",
  "lockfileVersion": 3,
  "requires": true,
  "packages": {
    "": {
      "name": "opennosh",
      "version": "0.76.0",
      "license": "MIT",
      "bin": {
        "opennosh": "bin/opennosh.mjs"
      },
      "engines": {
        "node": ">=20"
      }
    }
  }
}
